
Microsoft Visual Studio Solution File, Format Version 12.00
Project("{FAE04EC0-301F-11D3-BF4B-00C04F79EFBC}") = "Keycloak.AppHost", "Keycloak.AppHost\Keycloak.AppHost.csproj", "{4C4EA974-5EC2-41FC-9740-F1F871B2DCC9}"
EndProject
Project("{FAE04EC0-301F-11D3-BF4B-00C04F79EFBC}") = "Keycloak.ServiceDefaults", "Keycloak.ServiceDefaults\Keycloak.ServiceDefaults.csproj", "{80CFAFC1-2D25-4FEA-B1D3-8BA9FE423FB4}"
EndProject
Project("{FAE04EC0-301F-11D3-BF4B-00C04F79EFBC}") = "Keycloak.Api", "Keycloak.Api\Keycloak.Api.csproj", "{8B6B45B8-830C-4B62-843D-CFA58024B935}"
EndProject
Project("{FAE04EC0-301F-11D3-BF4B-00C04F79EFBC}") = "Keycloak.Web", "Keycloak.Web\Keycloak.Web.csproj", "{53D3B3F5-A7ED-4D00-B642-D7E7B8AC7129}"
EndProject
Project("{2150E333-8FDC-42A3-9474-1A3956D46DE8}") = "Solution Items", "Solution Items", "{4F8240CB-5FC3-41C4-A97B-7D8ACB4AB443}"
	ProjectSection(SolutionItems) = preProject
		Directory.Build.props = Directory.Build.props
	EndProjectSection
EndProject
Global
	GlobalSection(SolutionConfigurationPlatforms) = preSolution
		Debug|Any CPU = Debug|Any CPU
		Release|Any CPU = Release|Any CPU
	EndGlobalSection
	GlobalSection(ProjectConfigurationPlatforms) = postSolution
		{4C4EA974-5EC2-41FC-9740-F1F871B2DCC9}.Debug|Any CPU.ActiveCfg = Debug|Any CPU
		{4C4EA974-5EC2-41FC-9740-F1F871B2DCC9}.Debug|Any CPU.Build.0 = Debug|Any CPU
		{4C4EA974-5EC2-41FC-9740-F1F871B2DCC9}.Release|Any CPU.ActiveCfg = Release|Any CPU
		{4C4EA974-5EC2-41FC-9740-F1F871B2DCC9}.Release|Any CPU.Build.0 = Release|Any CPU
		{80CFAFC1-2D25-4FEA-B1D3-8BA9FE423FB4}.Debug|Any CPU.ActiveCfg = Debug|Any CPU
		{80CFAFC1-2D25-4FEA-B1D3-8BA9FE423FB4}.Debug|Any CPU.Build.0 = Debug|Any CPU
		{80CFAFC1-2D25-4FEA-B1D3-8BA9FE423FB4}.Release|Any CPU.ActiveCfg = Release|Any CPU
		{80CFAFC1-2D25-4FEA-B1D3-8BA9FE423FB4}.Release|Any CPU.Build.0 = Release|Any CPU
		{8B6B45B8-830C-4B62-843D-CFA58024B935}.Debug|Any CPU.ActiveCfg = Debug|Any CPU
		{8B6B45B8-830C-4B62-843D-CFA58024B935}.Debug|Any CPU.Build.0 = Debug|Any CPU
		{8B6B45B8-830C-4B62-843D-CFA58024B935}.Release|Any CPU.ActiveCfg = Release|Any CPU
		{8B6B45B8-830C-4B62-843D-CFA58024B935}.Release|Any CPU.Build.0 = Release|Any CPU
		{53D3B3F5-A7ED-4D00-B642-D7E7B8AC7129}.Debug|Any CPU.ActiveCfg = Debug|Any CPU
		{53D3B3F5-A7ED-4D00-B642-D7E7B8AC7129}.Debug|Any CPU.Build.0 = Debug|Any CPU
		{53D3B3F5-A7ED-4D00-B642-D7E7B8AC7129}.Release|Any CPU.ActiveCfg = Release|Any CPU
		{53D3B3F5-A7ED-4D00-B642-D7E7B8AC7129}.Release|Any CPU.Build.0 = Release|Any CPU
	EndGlobalSection
EndGlobal
